Microsoft Visual Studio Solution File, Format Version 11.00
# Visual Studio 2010
Project("{8BC9CEB8-8B4A-11D0-8D11-00A0C91BC942}") = "ALL_BUILD", "ALL_BUILD.vcxproj", "{451C6A09-CBEC-3C2B-969B-F55E9AC9371D}"
	ProjectSection(ProjectDependencies) = postProject
		{92A20548-5361-3917-8465-2ECD6972EEF7} = {92A20548-5361-3917-8465-2ECD6972EEF7}
		{5433183F-C861-3D20-AF63-598E2CA684BE} = {5433183F-C861-3D20-AF63-598E2CA684BE}
		{9C4F7130-194D-35A4-AF6E-8A3D644CA499} = {9C4F7130-194D-35A4-AF6E-8A3D644CA499}
		{2EA98A87-C35D-3A96-B90D-A7C075C3DB93} = {2EA98A87-C35D-3A96-B90D-A7C075C3DB93}
		{FDCF9ED2-40E8-3847-A158-6EB18CA11E2D} = {FDCF9ED2-40E8-3847-A158-6EB18CA11E2D}
	EndProjectSection
EndProject
Project("{8BC9CEB8-8B4A-11D0-8D11-00A0C91BC942}") = "RUN_TESTS", "RUN_TESTS.vcxproj", "{0A9621E8-E2D8-3D5C-9068-7C42E16DBE33}"
	ProjectSection(ProjectDependencies) = postProject
		{92A20548-5361-3917-8465-2ECD6972EEF7} = {92A20548-5361-3917-8465-2ECD6972EEF7}
	EndProjectSection
EndProject
Project("{8BC9CEB8-8B4A-11D0-8D11-00A0C91BC942}") = "ZERO_CHECK", "ZERO_CHECK.vcxproj", "{92A20548-5361-3917-8465-2ECD6972EEF7}"
	ProjectSection(ProjectDependencies) = postProject
	EndProjectSection
EndProject
Project("{8BC9CEB8-8B4A-11D0-8D11-00A0C91BC942}") = "test-reader", "test-reader.vcxproj", "{5433183F-C861-3D20-AF63-598E2CA684BE}"
	ProjectSection(ProjectDependencies) = postProject
		{92A20548-5361-3917-8465-2ECD6972EEF7} = {92A20548-5361-3917-8465-2ECD6972EEF7}
		{2EA98A87-C35D-3A96-B90D-A7C075C3DB93} = {2EA98A87-C35D-3A96-B90D-A7C075C3DB93}
	EndProjectSection
EndProject
Project("{8BC9CEB8-8B4A-11D0-8D11-00A0C91BC942}") = "test-version", "test-version.vcxproj", "{9C4F7130-194D-35A4-AF6E-8A3D644CA499}"
	ProjectSection(ProjectDependencies) = postProject
		{92A20548-5361-3917-8465-2ECD6972EEF7} = {92A20548-5361-3917-8465-2ECD6972EEF7}
		{2EA98A87-C35D-3A96-B90D-A7C075C3DB93} = {2EA98A87-C35D-3A96-B90D-A7C075C3DB93}
	EndProjectSection
EndProject
Project("{8BC9CEB8-8B4A-11D0-8D11-00A0C91BC942}") = "yaml", "yaml.vcxproj", "{2EA98A87-C35D-3A96-B90D-A7C075C3DB93}"
	ProjectSection(ProjectDependencies) = postProject
		{92A20548-5361-3917-8465-2ECD6972EEF7} = {92A20548-5361-3917-8465-2ECD6972EEF7}
	EndProjectSection
EndProject
Project("{8BC9CEB8-8B4A-11D0-8D11-00A0C91BC942}") = "yaml_static", "yaml_static.vcxproj", "{FDCF9ED2-40E8-3847-A158-6EB18CA11E2D}"
	ProjectSection(ProjectDependencies) = postProject
		{92A20548-5361-3917-8465-2ECD6972EEF7} = {92A20548-5361-3917-8465-2ECD6972EEF7}
	EndProjectSection
EndProject
Global
	GlobalSection(SolutionConfigurationPlatforms) = preSolution
		Debug|x64 = Debug|x64
		Release|x64 = Release|x64
		MinSizeRel|x64 = MinSizeRel|x64
		RelWithDebInfo|x64 = RelWithDebInfo|x64
	EndGlobalSection
	GlobalSection(ProjectConfigurationPlatforms) = postSolution
		{451C6A09-CBEC-3C2B-969B-F55E9AC9371D}.Debug|x64.ActiveCfg = Debug|x64
		{451C6A09-CBEC-3C2B-969B-F55E9AC9371D}.Release|x64.ActiveCfg = Release|x64
		{451C6A09-CBEC-3C2B-969B-F55E9AC9371D}.MinSizeRel|x64.ActiveCfg = MinSizeRel|x64
		{451C6A09-CBEC-3C2B-969B-F55E9AC9371D}.RelWithDebInfo|x64.ActiveCfg = RelWithDebInfo|x64
		{0A9621E8-E2D8-3D5C-9068-7C42E16DBE33}.Debug|x64.ActiveCfg = Debug|x64
		{0A9621E8-E2D8-3D5C-9068-7C42E16DBE33}.Release|x64.ActiveCfg = Release|x64
		{0A9621E8-E2D8-3D5C-9068-7C42E16DBE33}.MinSizeRel|x64.ActiveCfg = MinSizeRel|x64
		{0A9621E8-E2D8-3D5C-9068-7C42E16DBE33}.RelWithDebInfo|x64.ActiveCfg = RelWithDebInfo|x64
		{92A20548-5361-3917-8465-2ECD6972EEF7}.Debug|x64.ActiveCfg = Debug|x64
		{92A20548-5361-3917-8465-2ECD6972EEF7}.Debug|x64.Build.0 = Debug|x64
		{92A20548-5361-3917-8465-2ECD6972EEF7}.Release|x64.ActiveCfg = Release|x64
		{92A20548-5361-3917-8465-2ECD6972EEF7}.Release|x64.Build.0 = Release|x64
		{92A20548-5361-3917-8465-2ECD6972EEF7}.MinSizeRel|x64.ActiveCfg = MinSizeRel|x64
		{92A20548-5361-3917-8465-2ECD6972EEF7}.MinSizeRel|x64.Build.0 = MinSizeRel|x64
		{92A20548-5361-3917-8465-2ECD6972EEF7}.RelWithDebInfo|x64.ActiveCfg = RelWithDebInfo|x64
		{92A20548-5361-3917-8465-2ECD6972EEF7}.RelWithDebInfo|x64.Build.0 = RelWithDebInfo|x64
		{5433183F-C861-3D20-AF63-598E2CA684BE}.Debug|x64.ActiveCfg = Debug|x64
		{5433183F-C861-3D20-AF63-598E2CA684BE}.Debug|x64.Build.0 = Debug|x64
		{5433183F-C861-3D20-AF63-598E2CA684BE}.Release|x64.ActiveCfg = Release|x64
		{5433183F-C861-3D20-AF63-598E2CA684BE}.Release|x64.Build.0 = Release|x64
		{5433183F-C861-3D20-AF63-598E2CA684BE}.MinSizeRel|x64.ActiveCfg = MinSizeRel|x64
		{5433183F-C861-3D20-AF63-598E2CA684BE}.MinSizeRel|x64.Build.0 = MinSizeRel|x64
		{5433183F-C861-3D20-AF63-598E2CA684BE}.RelWithDebInfo|x64.ActiveCfg = RelWithDebInfo|x64
		{5433183F-C861-3D20-AF63-598E2CA684BE}.RelWithDebInfo|x64.Build.0 = RelWithDebInfo|x64
		{9C4F7130-194D-35A4-AF6E-8A3D644CA499}.Debug|x64.ActiveCfg = Debug|x64
		{9C4F7130-194D-35A4-AF6E-8A3D644CA499}.Debug|x64.Build.0 = Debug|x64
		{9C4F7130-194D-35A4-AF6E-8A3D644CA499}.Release|x64.ActiveCfg = Release|x64
		{9C4F7130-194D-35A4-AF6E-8A3D644CA499}.Release|x64.Build.0 = Release|x64
		{9C4F7130-194D-35A4-AF6E-8A3D644CA499}.MinSizeRel|x64.ActiveCfg = MinSizeRel|x64
		{9C4F7130-194D-35A4-AF6E-8A3D644CA499}.MinSizeRel|x64.Build.0 = MinSizeRel|x64
		{9C4F7130-194D-35A4-AF6E-8A3D644CA499}.RelWithDebInfo|x64.ActiveCfg = RelWithDebInfo|x64
		{9C4F7130-194D-35A4-AF6E-8A3D644CA499}.RelWithDebInfo|x64.Build.0 = RelWithDebInfo|x64
		{2EA98A87-C35D-3A96-B90D-A7C075C3DB93}.Debug|x64.ActiveCfg = Debug|x64
		{2EA98A87-C35D-3A96-B90D-A7C075C3DB93}.Debug|x64.Build.0 = Debug|x64
		{2EA98A87-C35D-3A96-B90D-A7C075C3DB93}.Release|x64.ActiveCfg = Release|x64
		{2EA98A87-C35D-3A96-B90D-A7C075C3DB93}.Release|x64.Build.0 = Release|x64
		{2EA98A87-C35D-3A96-B90D-A7C075C3DB93}.MinSizeRel|x64.ActiveCfg = MinSizeRel|x64
		{2EA98A87-C35D-3A96-B90D-A7C075C3DB93}.MinSizeRel|x64.Build.0 = MinSizeRel|x64
		{2EA98A87-C35D-3A96-B90D-A7C075C3DB93}.RelWithDebInfo|x64.ActiveCfg = RelWithDebInfo|x64
		{2EA98A87-C35D-3A96-B90D-A7C075C3DB93}.RelWithDebInfo|x64.Build.0 = RelWithDebInfo|x64
		{FDCF9ED2-40E8-3847-A158-6EB18CA11E2D}.Debug|x64.ActiveCfg = Debug|x64
		{FDCF9ED2-40E8-3847-A158-6EB18CA11E2D}.Debug|x64.Build.0 = Debug|x64
		{FDCF9ED2-40E8-3847-A158-6EB18CA11E2D}.Release|x64.ActiveCfg = Release|x64
		{FDCF9ED2-40E8-3847-A158-6EB18CA11E2D}.Release|x64.Build.0 = Release|x64
		{FDCF9ED2-40E8-3847-A158-6EB18CA11E2D}.MinSizeRel|x64.ActiveCfg = MinSizeRel|x64
		{FDCF9ED2-40E8-3847-A158-6EB18CA11E2D}.MinSizeRel|x64.Build.0 = MinSizeRel|x64
		{FDCF9ED2-40E8-3847-A158-6EB18CA11E2D}.RelWithDebInfo|x64.ActiveCfg = RelWithDebInfo|x64
		{FDCF9ED2-40E8-3847-A158-6EB18CA11E2D}.RelWithDebInfo|x64.Build.0 = RelWithDebInfo|x64
	EndGlobalSection
	GlobalSection(ExtensibilityGlobals) = postSolution
		SolutionGuid = {5833194A-AAA8-3FCC-9405-32439D89A0D0}
	EndGlobalSection
	GlobalSection(ExtensibilityAddIns) = postSolution
	EndGlobalSection
EndGlobal
